// !$*UTF8*$!
{
	archiveVersion = 1;
	classes = {
	};
	objectVersion = 56;
	objects = {

/* Begin PBXBuildFile section */
		991A20492BCF691300B4778D /* SpotifyCloneApp.swift in Sources */ = {isa = PBXBuildFile; fileRef = 991A20482BCF691300B4778D /* SpotifyCloneApp.swift */; };
		991A204B2BCF691300B4778D /* ContentView.swift in Sources */ = {isa = PBXBuildFile; fileRef = 991A204A2BCF691300B4778D /* ContentView.swift */; };
		991A204D2BCF691400B4778D /* Assets.xcassets in Resources */ = {isa = PBXBuildFile; fileRef = 991A204C2BCF691400B4778D /* Assets.xcassets */; };
		991A20502BCF691400B4778D /* Preview Assets.xcassets in Resources */ = {isa = PBXBuildFile; fileRef = 991A204F2BCF691400B4778D /* Preview Assets.xcassets */; };
		991A20582BCF695300B4778D /* SDWebImageSwiftUI in Frameworks */ = {isa = PBXBuildFile; productRef = 991A20572BCF695300B4778D /* SDWebImageSwiftUI */; };
		991A205B2BCF696D00B4778D /* ImageLoaderView.swift in Sources */ = {isa = PBXBuildFile; fileRef = 991A205A2BCF696D00B4778D /* ImageLoaderView.swift */; };
		991A205D2BCF6A5000B4778D /* Constants.swift in Sources */ = {isa = PBXBuildFile; fileRef = 991A205C2BCF6A5000B4778D /* Constants.swift */; };
		991A205F2BCF6B9700B4778D /* DatabaseHelper.swift in Sources */ = {isa = PBXBuildFile; fileRef = 991A205E2BCF6B9700B4778D /* DatabaseHelper.swift */; };
		991A20612BCF6DB500B4778D /* Product.swift in Sources */ = {isa = PBXBuildFile; fileRef = 991A20602BCF6DB500B4778D /* Product.swift */; };
		991A20632BCF6DD000B4778D /* User.swift in Sources */ = {isa = PBXBuildFile; fileRef = 991A20622BCF6DD000B4778D /* User.swift */; };
		991A20662BCF6F6500B4778D /* SwiftfulUI in Frameworks */ = {isa = PBXBuildFile; productRef = 991A20652BCF6F6500B4778D /* SwiftfulUI */; };
		991A20692BCF6F7800B4778D /* SwiftfulRouting in Frameworks */ = {isa = PBXBuildFile; productRef = 991A20682BCF6F7800B4778D /* SwiftfulRouting */; };
		991A206E2BCF801A00B4778D /* SpotifyHomeView.swift in Sources */ = {isa = PBXBuildFile; fileRef = 991A206D2BCF801A00B4778D /* SpotifyHomeView.swift */; };
		995A89072BD598C800A2BFBD /* SpotifyNewReleaseCell.swift in Sources */ = {isa = PBXBuildFile; fileRef = 995A89062BD598C800A2BFBD /* SpotifyNewReleaseCell.swift */; };
		99B80FF02BD1FA66003A22C2 /* Category.swift in Sources */ = {isa = PBXBuildFile; fileRef = 99B80FEF2BD1FA66003A22C2 /* Category.swift */; };
		99B80FF22BD1FA7C003A22C2 /* SpotifyCategoryCell.swift in Sources */ = {isa = PBXBuildFile; fileRef = 99B80FF12BD1FA7C003A22C2 /* SpotifyCategoryCell.swift */; };
		99C685F42BD3863800887E10 /* SpotifyRecentsCell.swift in Sources */ = {isa = PBXBuildFile; fileRef = 99C685F32BD3863800887E10 /* SpotifyRecentsCell.swift */; };
/* End PBXBuildFile section */

/* Begin PBXFileReference section */
		991A20452BCF691300B4778D /* SpotifyClone.app */ = {isa = PBXFileReference; explicitFileType = wrapper.application; includeInIndex = 0; path = SpotifyClone.app; sourceTree = BUILT_PRODUCTS_DIR; };
		991A20482BCF691300B4778D /* SpotifyCloneApp.swift */ = {isa = PBXFileReference; lastKnownFileType = sourcecode.swift; path = SpotifyCloneApp.swift; sourceTree = "<group>"; };
		991A204A2BCF691300B4778D /* ContentView.swift */ = {isa = PBXFileReference; lastKnownFileType = sourcecode.swift; path = ContentView.swift; sourceTree = "<group>"; };
		991A204C2BCF691400B4778D /* Assets.xcassets */ = {isa = PBXFileReference; lastKnownFileType = folder.assetcatalog; path = Assets.xcassets; sourceTree = "<group>"; };
		991A204F2BCF691400B4778D /* Preview Assets.xcassets */ = {isa = PBXFileReference; lastKnownFileType = folder.assetcatalog; path = "Preview Assets.xcassets"; sourceTree = "<group>"; };
		991A205A2BCF696D00B4778D /* ImageLoaderView.swift */ = {isa = PBXFileReference; lastKnownFileType = sourcecode.swift; path = ImageLoaderView.swift; sourceTree = "<group>"; };
		991A205C2BCF6A5000B4778D /* Constants.swift */ = {isa = PBXFileReference; lastKnownFileType = sourcecode.swift; path = Constants.swift; sourceTree = "<group>"; };
		991A205E2BCF6B9700B4778D /* DatabaseHelper.swift */ = {isa = PBXFileReference; lastKnownFileType = sourcecode.swift; path = DatabaseHelper.swift; sourceTree = "<group>"; };
		991A20602BCF6DB500B4778D /* Product.swift */ = {isa = PBXFileReference; lastKnownFileType = sourcecode.swift; path = Product.swift; sourceTree = "<group>"; };
		991A20622BCF6DD000B4778D /* User.swift */ = {isa = PBXFileReference; lastKnownFileType = sourcecode.swift; path = User.swift; sourceTree = "<group>"; };
		991A206D2BCF801A00B4778D /* SpotifyHomeView.swift */ = {isa = PBXFileReference; lastKnownFileType = sourcecode.swift; path = SpotifyHomeView.swift; sourceTree = "<group>"; };
		995A89062BD598C800A2BFBD /* SpotifyNewReleaseCell.swift */ = {isa = PBXFileReference; lastKnownFileType = sourcecode.swift; path = SpotifyNewReleaseCell.swift; sourceTree = "<group>"; };
		99B80FEF2BD1FA66003A22C2 /* Category.swift */ = {isa = PBXFileReference; lastKnownFileType = sourcecode.swift; path = Category.swift; sourceTree = "<group>"; };
		99B80FF12BD1FA7C003A22C2 /* SpotifyCategoryCell.swift */ = {isa = PBXFileReference; lastKnownFileType = sourcecode.swift; path = SpotifyCategoryCell.swift; sourceTree = "<group>"; };
		99C685F32BD3863800887E10 /* SpotifyRecentsCell.swift */ = {isa = PBXFileReference; lastKnownFileType = sourcecode.swift; path = SpotifyRecentsCell.swift; sourceTree = "<group>"; };
/* End PBXFileReference section */

/* Begin PBXFrameworksBuildPhase section */
		991A20422BCF691300B4778D /* Frameworks */ = {
			isa = PBXFrameworksBuildPhase;
			buildActionMask = 2147483647;
			files = (
				991A20662BCF6F6500B4778D /* SwiftfulUI in Frameworks */,
				991A20692BCF6F7800B4778D /* SwiftfulRouting in Frameworks */,
				991A20582BCF695300B4778D /* SDWebImageSwiftUI in Frameworks */,
			);
			runOnlyForDeploymentPostprocessing = 0;
		};
/* End PBXFrameworksBuildPhase section */

/* Begin PBXGroup section */
		991A203C2BCF691300B4778D = {
			isa = PBXGroup;
			children = (
				991A20472BCF691300B4778D /* SpotifyClone */,
				991A20462BCF691300B4778D /* Products */,
			);
			sourceTree = "<group>";
		};
		991A20462BCF691300B4778D /* Products */ = {
			isa = PBXGroup;
			children = (
				991A20452BCF691300B4778D /* SpotifyClone.app */,
			);
			name = Products;
			sourceTree = "<group>";
		};
		991A20472BCF691300B4778D /* SpotifyClone */ = {
			isa = PBXGroup;
			children = (
				991A20482BCF691300B4778D /* SpotifyCloneApp.swift */,
				991A206A2BCF7FFB00B4778D /* Spotify */,
				991A204A2BCF691300B4778D /* ContentView.swift */,
				991A20592BCF695C00B4778D /* Shared */,
				991A204C2BCF691400B4778D /* Assets.xcassets */,
				991A204E2BCF691400B4778D /* Preview Content */,
			);
			path = SpotifyClone;
			sourceTree = "<group>";
		};
		991A204E2BCF691400B4778D /* Preview Content */ = {
			isa = PBXGroup;
			children = (
				991A204F2BCF691400B4778D /* Preview Assets.xcassets */,
			);
			path = "Preview Content";
			sourceTree = "<group>";
		};
		991A20592BCF695C00B4778D /* Shared */ = {
			isa = PBXGroup;
			children = (
				991A205A2BCF696D00B4778D /* ImageLoaderView.swift */,
				991A205C2BCF6A5000B4778D /* Constants.swift */,
				991A20602BCF6DB500B4778D /* Product.swift */,
				991A20622BCF6DD000B4778D /* User.swift */,
				991A205E2BCF6B9700B4778D /* DatabaseHelper.swift */,
			);
			path = Shared;
			sourceTree = "<group>";
		};
		991A206A2BCF7FFB00B4778D /* Spotify */ = {
			isa = PBXGroup;
			children = (
				991A206C2BCF800700B4778D /* Components */,
				991A206B2BCF800400B4778D /* Core */,
				99B80FEF2BD1FA66003A22C2 /* Category.swift */,
			);
			path = Spotify;
			sourceTree = "<group>";
		};
		991A206B2BCF800400B4778D /* Core */ = {
			isa = PBXGroup;
			children = (
				991A206D2BCF801A00B4778D /* SpotifyHomeView.swift */,
			);
			path = Core;
			sourceTree = "<group>";
		};
		991A206C2BCF800700B4778D /* Components */ = {
			isa = PBXGroup;
			children = (
				99B80FF12BD1FA7C003A22C2 /* SpotifyCategoryCell.swift */,
				99C685F32BD3863800887E10 /* SpotifyRecentsCell.swift */,
				995A89062BD598C800A2BFBD /* SpotifyNewReleaseCell.swift */,
			);
			path = Components;
			sourceTree = "<group>";
		};
/* End PBXGroup section */

/* Begin PBXNativeTarget section */
		991A20442BCF691300B4778D /* SpotifyClone */ = {
			isa = PBXNativeTarget;
			buildConfigurationList = 991A20532BCF691400B4778D /* Build configuration list for PBXNativeTarget "SpotifyClone" */;
			buildPhases = (
				991A20412BCF691300B4778D /* Sources */,
				991A20422BCF691300B4778D /* Frameworks */,
				991A20432BCF691300B4778D /* Resources */,
			);
			buildRules = (
			);
			dependencies = (
			);
			name = SpotifyClone;
			packageProductDependencies = (
				991A20572BCF695300B4778D /* SDWebImageSwiftUI */,
				991A20652BCF6F6500B4778D /* SwiftfulUI */,
				991A20682BCF6F7800B4778D /* SwiftfulRouting */,
			);
			productName = SpotifyClone;
			productReference = 991A20452BCF691300B4778D /* SpotifyClone.app */;
			productType = "com.apple.product-type.application";
		};
/* End PBXNativeTarget section */

/* Begin PBXProject section */
		991A203D2BCF691300B4778D /* Project object */ = {
			isa = PBXProject;
			attributes = {
				BuildIndependentTargetsInParallel = 1;
				LastSwiftUpdateCheck = 1530;
				LastUpgradeCheck = 1530;
				TargetAttributes = {
					991A20442BCF691300B4778D = {
						CreatedOnToolsVersion = 15.3;
					};
				};
			};
			buildConfigurationList = 991A20402BCF691300B4778D /* Build configuration list for PBXProject "SpotifyClone" */;
			compatibilityVersion = "Xcode 14.0";
			developmentRegion = en;
			hasScannedForEncodings = 0;
			knownRegions = (
				en,
				Base,
			);
			mainGroup = 991A203C2BCF691300B4778D;
			packageReferences = (
				991A20562BCF695300B4778D /* XCRemoteSwiftPackageReference "SDWebImageSwiftUI" */,
				991A20642BCF6F6500B4778D /* XCRemoteSwiftPackageReference "SwiftfulUI" */,
				991A20672BCF6F7800B4778D /* XCRemoteSwiftPackageReference "SwiftfulRouting" */,
			);
			productRefGroup = 991A20462BCF691300B4778D /* Products */;
			projectDirPath = "";
			projectRoot = "";
			targets = (
				991A20442BCF691300B4778D /* SpotifyClone */,
			);
		};
/* End PBXProject section */

/* Begin PBXResourcesBuildPhase section */
		991A20432BCF691300B4778D /* Resources */ = {
			isa = PBXResourcesBuildPhase;
			buildActionMask = 2147483647;
			files = (
				991A20502BCF691400B4778D /* Preview Assets.xcassets in Resources */,
				991A204D2BCF691400B4778D /* Assets.xcassets in Resources */,
			);
			runOnlyForDeploymentPostprocessing = 0;
		};
/* End PBXResourcesBuildPhase section */

/* Begin PBXSourcesBuildPhase section */
		991A20412BCF691300B4778D /* Sources */ = {
			isa = PBXSourcesBuildPhase;
			buildActionMask = 2147483647;
			files = (
				991A205B2BCF696D00B4778D /* ImageLoaderView.swift in Sources */,
				991A205F2BCF6B9700B4778D /* DatabaseHelper.swift in Sources */,
				991A206E2BCF801A00B4778D /* SpotifyHomeView.swift in Sources */,
				995A89072BD598C800A2BFBD /* SpotifyNewReleaseCell.swift in Sources */,
				991A204B2BCF691300B4778D /* ContentView.swift in Sources */,
				991A20492BCF691300B4778D /* SpotifyCloneApp.swift in Sources */,
				99B80FF02BD1FA66003A22C2 /* Category.swift in Sources */,
				99B80FF22BD1FA7C003A22C2 /* SpotifyCategoryCell.swift in Sources */,
				991A205D2BCF6A5000B4778D /* Constants.swift in Sources */,
				99C685F42BD3863800887E10 /* SpotifyRecentsCell.swift in Sources */,
				991A20612BCF6DB500B4778D /* Product.swift in Sources */,
				991A20632BCF6DD000B4778D /* User.swift in Sources */,
			);
			runOnlyForDeploymentPostprocessing = 0;
		};
/* End PBXSourcesBuildPhase section */

/* Begin XCBuildConfiguration section */
		991A20512BCF691400B4778D /* Debug */ = {
			isa = XCBuildConfiguration;
			buildSettings = {
				ALWAYS_SEARCH_USER_PATHS = NO;
				ASSETCATALOG_COMPILER_GENERATE_SWIFT_ASSET_SYMBOL_EXTENSIONS = YES;
				CLANG_ANALYZER_NONNULL = YES;
				CLANG_ANALYZER_NUMBER_OBJECT_CONVERSION = YES_AGGRESSIVE;
				CLANG_CXX_LANGUAGE_STANDARD = "gnu++20";
				CLANG_ENABLE_MODULES = YES;
				CLANG_ENABLE_OBJC_ARC = YES;
				CLANG_ENABLE_OBJC_WEAK = YES;
				CLANG_WARN_BLOCK_CAPTURE_AUTORELEASING = YES;
				CLANG_WARN_BOOL_CONVERSION = YES;
				CLANG_WARN_COMMA = YES;
				CLANG_WARN_CONSTANT_CONVERSION = YES;
				CLANG_WARN_DEPRECATED_OBJC_IMPLEMENTATIONS = YES;
				CLANG_WARN_DIRECT_OBJC_ISA_USAGE = YES_ERROR;
				CLANG_WARN_DOCUMENTATION_COMMENTS = YES;
				CLANG_WARN_EMPTY_BODY = YES;
				CLANG_WARN_ENUM_CONVERSION = YES;
				CLANG_WARN_INFINITE_RECURSION = YES;
				CLANG_WARN_INT_CONVERSION = YES;
				CLANG_WARN_NON_LITERAL_NULL_CONVERSION = YES;
				CLANG_WARN_OBJC_IMPLICIT_RETAIN_SELF = YES;
				CLANG_WARN_OBJC_LITERAL_CONVERSION = YES;
				CLANG_WARN_OBJC_ROOT_CLASS = YES_ERROR;
				CLANG_WARN_QUOTED_INCLUDE_IN_FRAMEWORK_HEADER = YES;
				CLANG_WARN_RANGE_LOOP_ANALYSIS = YES;
				CLANG_WARN_STRICT_PROTOTYPES = YES;
				CLANG_WARN_SUSPICIOUS_MOVE = YES;
				CLANG_WARN_UNGUARDED_AVAILABILITY = YES_AGGRESSIVE;
				CLANG_WARN_UNREACHABLE_CODE = YES;
				CLANG_WARN__DUPLICATE_METHOD_MATCH = YES;
				COPY_PHASE_STRIP = NO;
				DEBUG_INFORMATION_FORMAT = dwarf;
				ENABLE_STRICT_OBJC_MSGSEND = YES;
				ENABLE_TESTABILITY = YES;
				ENABLE_USER_SCRIPT_SANDBOXING = YES;
				GCC_C_LANGUAGE_STANDARD = gnu17;
				GCC_DYNAMIC_NO_PIC = NO;
				GCC_NO_COMMON_BLOCKS = YES;
				GCC_OPTIMIZATION_LEVEL = 0;
				GCC_PREPROCESSOR_DEFINITIONS = (
					"DEBUG=1",
					"$(inherited)",
				);
				GCC_WARN_64_TO_32_BIT_CONVERSION = YES;
				GCC_WARN_ABOUT_RETURN_TYPE = YES_ERROR;
				GCC_WARN_UNDECLARED_SELECTOR = YES;
				GCC_WARN_UNINITIALIZED_AUTOS = YES_AGGRESSIVE;
				GCC_WARN_UNUSED_FUNCTION = YES;
				GCC_WARN_UNUSED_VARIABLE = YES;
				IPHONEOS_DEPLOYMENT_TARGET = 17.4;
				LOCALIZATION_PREFERS_STRING_CATALOGS = YES;
				MTL_ENABLE_DEBUG_INFO = INCLUDE_SOURCE;
				MTL_FAST_MATH = YES;
				ONLY_ACTIVE_ARCH = YES;
				SDKROOT = iphoneos;
				SWIFT_ACTIVE_COMPILATION_CONDITIONS = "DEBUG $(inherited)";
				SWIFT_OPTIMIZATION_LEVEL = "-Onone";
			};
			name = Debug;
		};
		991A20522BCF691400B4778D /* Release */ = {
			isa = XCBuildConfiguration;
			buildSettings = {
				ALWAYS_SEARCH_USER_PATHS = NO;
				ASSETCATALOG_COMPILER_GENERATE_SWIFT_ASSET_SYMBOL_EXTENSIONS = YES;
				CLANG_ANALYZER_NONNULL = YES;
				CLANG_ANALYZER_NUMBER_OBJECT_CONVERSION = YES_AGGRESSIVE;
				CLANG_CXX_LANGUAGE_STANDARD = "gnu++20";
				CLANG_ENABLE_MODULES = YES;
				CLANG_ENABLE_OBJC_ARC = YES;
				CLANG_ENABLE_OBJC_WEAK = YES;
				CLANG_WARN_BLOCK_CAPTURE_AUTORELEASING = YES;
				CLANG_WARN_BOOL_CONVERSION = YES;
				CLANG_WARN_COMMA = YES;
				CLANG_WARN_CONSTANT_CONVERSION = YES;
				CLANG_WARN_DEPRECATED_OBJC_IMPLEMENTATIONS = YES;
				CLANG_WARN_DIRECT_OBJC_ISA_USAGE = YES_ERROR;
				CLANG_WARN_DOCUMENTATION_COMMENTS = YES;
				CLANG_WARN_EMPTY_BODY = YES;
				CLANG_WARN_ENUM_CONVERSION = YES;
				CLANG_WARN_INFINITE_RECURSION = YES;
				CLANG_WARN_INT_CONVERSION = YES;
				CLANG_WARN_NON_LITERAL_NULL_CONVERSION = YES;
				CLANG_WARN_OBJC_IMPLICIT_RETAIN_SELF = YES;
				CLANG_WARN_OBJC_LITERAL_CONVERSION = YES;
				CLANG_WARN_OBJC_ROOT_CLASS = YES_ERROR;
				CLANG_WARN_QUOTED_INCLUDE_IN_FRAMEWORK_HEADER = YES;
				CLANG_WARN_RANGE_LOOP_ANALYSIS = YES;
				CLANG_WARN_STRICT_PROTOTYPES = YES;
				CLANG_WARN_SUSPICIOUS_MOVE = YES;
				CLANG_WARN_UNGUARDED_AVAILABILITY = YES_AGGRESSIVE;
				CLANG_WARN_UNREACHABLE_CODE = YES;
				CLANG_WARN__DUPLICATE_METHOD_MATCH = YES;
				COPY_PHASE_STRIP = NO;
				DEBUG_INFORMATION_FORMAT = "dwarf-with-dsym";
				ENABLE_NS_ASSERTIONS = NO;
				ENABLE_STRICT_OBJC_MSGSEND = YES;
				ENABLE_USER_SCRIPT_SANDBOXING = YES;
				GCC_C_LANGUAGE_STANDARD = gnu17;
				GCC_NO_COMMON_BLOCKS = YES;
				GCC_WARN_64_TO_32_BIT_CONVERSION = YES;
				GCC_WARN_ABOUT_RETURN_TYPE = YES_ERROR;
				GCC_WARN_UNDECLARED_SELECTOR = YES;
				GCC_WARN_UNINITIALIZED_AUTOS = YES_AGGRESSIVE;
				GCC_WARN_UNUSED_FUNCTION = YES;
				GCC_WARN_UNUSED_VARIABLE = YES;
				IPHONEOS_DEPLOYMENT_TARGET = 17.4;
				LOCALIZATION_PREFERS_STRING_CATALOGS = YES;
				MTL_ENABLE_DEBUG_INFO = NO;
				MTL_FAST_MATH = YES;
				SDKROOT = iphoneos;
				SWIFT_COMPILATION_MODE = wholemodule;
				VALIDATE_PRODUCT = YES;
			};
			name = Release;
		};
		991A20542BCF691400B4778D /* Debug */ = {
			isa = XCBuildConfiguration;
			buildSettings = {
				ASSETCATALOG_COMPILER_APPICON_NAME = AppIcon;
				ASSETCATALOG_COMPILER_GLOBAL_ACCENT_COLOR_NAME = AccentColor;
				CODE_SIGN_STYLE = Automatic;
				CURRENT_PROJECT_VERSION = 1;
				DEVELOPMENT_ASSET_PATHS = "\"SpotifyClone/Preview Content\"";
				DEVELOPMENT_TEAM = G627HA76ZA;
				ENABLE_PREVIEWS = YES;
				GENERATE_INFOPLIST_FILE = YES;
				INFOPLIST_KEY_UIApplicationSceneManifest_Generation = YES;
				INFOPLIST_KEY_UIApplicationSupportsIndirectInputEvents = YES;
				INFOPLIST_KEY_UILaunchScreen_Generation = YES;
				INFOPLIST_KEY_UISupportedInterfaceOrientations_iPad = "UIInterfaceOrientationPortrait UIInterfaceOrientationPortraitUpsideDown UIInterfaceOrientationLandscapeLeft UIInterfaceOrientationLandscapeRight";
				INFOPLIST_KEY_UISupportedInterfaceOrientations_iPhone = "UIInterfaceOrientationPortrait UIInterfaceOrientationLandscapeLeft UIInterfaceOrientationLandscapeRight";
				LD_RUNPATH_SEARCH_PATHS = (
					"$(inherited)",
					"@executable_path/Frameworks",
				);
				MARKETING_VERSION = 1.0;
				PRODUCT_BUNDLE_IDENTIFIER = com.amirkabiri.SpotifyClone;
				PRODUCT_NAME = "$(TARGET_NAME)";
				SWIFT_EMIT_LOC_STRINGS = YES;
				SWIFT_VERSION = 5.0;
				TARGETED_DEVICE_FAMILY = "1,2";
			};
			name = Debug;
		};
		991A20552BCF691400B4778D /* Release */ = {
			isa = XCBuildConfiguration;
			buildSettings = {
				ASSETCATALOG_COMPILER_APPICON_NAME = AppIcon;
				ASSETCATALOG_COMPILER_GLOBAL_ACCENT_COLOR_NAME = AccentColor;
				CODE_SIGN_STYLE = Automatic;
				CURRENT_PROJECT_VERSION = 1;
				DEVELOPMENT_ASSET_PATHS = "\"SpotifyClone/Preview Content\"";
				DEVELOPMENT_TEAM = G627HA76ZA;
				ENABLE_PREVIEWS = YES;
				GENERATE_INFOPLIST_FILE = YES;
				INFOPLIST_KEY_UIApplicationSceneManifest_Generation = YES;
				INFOPLIST_KEY_UIApplicationSupportsIndirectInputEvents = YES;
				INFOPLIST_KEY_UILaunchScreen_Generation = YES;
				INFOPLIST_KEY_UISupportedInterfaceOrientations_iPad = "UIInterfaceOrientationPortrait UIInterfaceOrientationPortraitUpsideDown UIInterfaceOrientationLandscapeLeft UIInterfaceOrientationLandscapeRight";
				INFOPLIST_KEY_UISupportedInterfaceOrientations_iPhone = "UIInterfaceOrientationPortrait UIInterfaceOrientationLandscapeLeft UIInterfaceOrientationLandscapeRight";
				LD_RUNPATH_SEARCH_PATHS = (
					"$(inherited)",
					"@executable_path/Frameworks",
				);
				MARKETING_VERSION = 1.0;
				PRODUCT_BUNDLE_IDENTIFIER = com.amirkabiri.SpotifyClone;
				PRODUCT_NAME = "$(TARGET_NAME)";
				SWIFT_EMIT_LOC_STRINGS = YES;
				SWIFT_VERSION = 5.0;
				TARGETED_DEVICE_FAMILY = "1,2";
			};
			name = Release;
		};
/* End XCBuildConfiguration section */

/* Begin XCConfigurationList section */
		991A20402BCF691300B4778D /* Build configuration list for PBXProject "SpotifyClone" */ = {
			isa = XCConfigurationList;
			buildConfigurations = (
				991A20512BCF691400B4778D /* Debug */,
				991A20522BCF691400B4778D /* Release */,
			);
			defaultConfigurationIsVisible = 0;
			defaultConfigurationName = Release;
		};
		991A20532BCF691400B4778D /* Build configuration list for PBXNativeTarget "SpotifyClone" */ = {
			isa = XCConfigurationList;
			buildConfigurations = (
				991A20542BCF691400B4778D /* Debug */,
				991A20552BCF691400B4778D /* Release */,
			);
			defaultConfigurationIsVisible = 0;
			defaultConfigurationName = Release;
		};
/* End XCConfigurationList section */

/* Begin XCRemoteSwiftPackageReference section */
		991A20562BCF695300B4778D /* XCRemoteSwiftPackageReference "SDWebImageSwiftUI" */ = {
			isa = XCRemoteSwiftPackageReference;
			repositoryURL = "https://github.com/SDWebImage/SDWebImageSwiftUI.git";
			requirement = {
				kind = upToNextMajorVersion;
				minimumVersion = 3.0.2;
			};
		};
		991A20642BCF6F6500B4778D /* XCRemoteSwiftPackageReference "SwiftfulUI" */ = {
			isa = XCRemoteSwiftPackageReference;
			repositoryURL = "https://github.com/SwiftfulThinking/SwiftfulUI.git";
			requirement = {
				kind = upToNextMajorVersion;
				minimumVersion = 1.2.0;
			};
		};
		991A20672BCF6F7800B4778D /* XCRemoteSwiftPackageReference "SwiftfulRouting" */ = {
			isa = XCRemoteSwiftPackageReference;
			repositoryURL = "https://github.com/SwiftfulThinking/SwiftfulRouting.git";
			requirement = {
				kind = upToNextMajorVersion;
				minimumVersion = 5.3.2;
			};
		};
/* End XCRemoteSwiftPackageReference section */

/* Begin XCSwiftPackageProductDependency section */
		991A20572BCF695300B4778D /* SDWebImageSwiftUI */ = {
			isa = XCSwiftPackageProductDependency;
			package = 991A20562BCF695300B4778D /* XCRemoteSwiftPackageReference "SDWebImageSwiftUI" */;
			productName = SDWebImageSwiftUI;
		};
		991A20652BCF6F6500B4778D /* SwiftfulUI */ = {
			isa = XCSwiftPackageProductDependency;
			package = 991A20642BCF6F6500B4778D /* XCRemoteSwiftPackageReference "SwiftfulUI" */;
			productName = SwiftfulUI;
		};
		991A20682BCF6F7800B4778D /* SwiftfulRouting */ = {
			isa = XCSwiftPackageProductDependency;
			package = 991A20672BCF6F7800B4778D /* XCRemoteSwiftPackageReference "SwiftfulRouting" */;
			productName = SwiftfulRouting;
		};
/* End XCSwiftPackageProductDependency section */
	};
	rootObject = 991A203D2BCF691300B4778D /* Project object */;
}
